
Microsoft Visual Studio Solution File, Format Version 12.00
# Visual Studio Version 17
VisualStudioVersion = 17.1.32421.90
MinimumVisualStudioVersion = 10.0.40219.1
Project("{FAE04EC0-301F-11D3-BF4B-00C04F79EFBC}") = "lab8", "lab8\lab8.csproj", "{2D8B6690-680B-4256-852E-75C47AED3390}"
EndProject
Global
	GlobalSection(SolutionConfigurationPlatforms) = preSolution
		Debug|Any CPU = Debug|Any CPU
		Release|Any CPU = Release|Any CPU
	EndGlobalSection
	GlobalSection(ProjectConfigurationPlatforms) = postSolution
		{2D8B6690-680B-4256-852E-75C47AED3390}.Debug|Any CPU.ActiveCfg = Debug|Any CPU
		{2D8B6690-680B-4256-852E-75C47AED3390}.Debug|Any CPU.Build.0 = Debug|Any CPU
		{2D8B6690-680B-4256-852E-75C47AED3390}.Release|Any CPU.ActiveCfg = Release|Any CPU
		{2D8B6690-680B-4256-852E-75C47AED3390}.Release|Any CPU.Build.0 = Release|Any CPU
	EndGlobalSection
	GlobalSection(SolutionProperties) = preSolution
		HideSolutionNode = FALSE
	EndGlobalSection
	GlobalSection(ExtensibilityGlobals) = postSolution
		SolutionGuid = {77CCB493-11C8-4E6C-9A37-822613C78CC4}
	EndGlobalSection
EndGlobal
